
Microsoft Visual Studio Solution File, Format Version 12.00
Project("{FAE04EC0-301F-11D3-BF4B-00C04F79EFBC}") = "TempMailAPI", "TempMailAPI\TempMailAPI.csproj", "{B7413AD7-3944-4F29-A3FE-26EE2A2DC2BB}"
EndProject
Global
	GlobalSection(SolutionConfigurationPlatforms) = preSolution
		Debug|Any CPU = Debug|Any CPU
		Release|Any CPU = Release|Any CPU
	EndGlobalSection
	GlobalSection(ProjectConfigurationPlatforms) = postSolution
		{B7413AD7-3944-4F29-A3FE-26EE2A2DC2BB}.Debug|Any CPU.ActiveCfg = Debug|Any CPU
		{B7413AD7-3944-4F29-A3FE-26EE2A2DC2BB}.Debug|Any CPU.Build.0 = Debug|Any CPU
		{B7413AD7-3944-4F29-A3FE-26EE2A2DC2BB}.Release|Any CPU.ActiveCfg = Release|Any CPU
		{B7413AD7-3944-4F29-A3FE-26EE2A2DC2BB}.Release|Any CPU.Build.0 = Release|Any CPU
	EndGlobalSection
EndGlobal
